{
  "name": "ajs-2",
  "version": "1.0.0",
  "lockfileVersion": 2,
  "requires": true,
  "packages": {
    "": {
      "name": "ajs-2",
      "version": "1.0.0",
      "license": "ISC",
      "dependencies": {
        "@marshal69/ajs": "^1.0.0"
      }
    },
    "node_modules/@marshal69/ajs": {
      "version": "1.0.0",
      "resolved": "https://npm.pkg.github.com/download/@marshal69/ajs/1.0.0/bf132b06748275792ce865c3a638af703a034b34",
      "integrity": "sha512-NhHuJmPvm/tJWc6PUxEFwHWsECFwxKtkBe96trtRftT+0gmvSxzMHRN6YxtENUjqPIK1Y9HblBNG6ufu7Kx4hw==",
      "license": "ISC"
    }
  },
  "dependencies": {
    "@marshal69/ajs": {
      "version": "1.0.0",
      "resolved": "https://npm.pkg.github.com/download/@marshal69/ajs/1.0.0/bf132b06748275792ce865c3a638af703a034b34",
      "integrity": "sha512-NhHuJmPvm/tJWc6PUxEFwHWsECFwxKtkBe96trtRftT+0gmvSxzMHRN6YxtENUjqPIK1Y9HblBNG6ufu7Kx4hw=="
    }
  }
}
